
Microsoft Visual Studio Solution File, Format Version 12.00
# Visual Studio 15
VisualStudioVersion = 15.0.26403.0
MinimumVisualStudioVersion = 10.0.40219.1
Project("{E24C65DC-7377-472B-9ABA-BC803B73C61A}") = "Eindopdracht", "D:\Cursus Javascript\Eindopdracht\", "{01E324BB-7DE0-48C6-8BF3-9FD9A5B74F71}"
	ProjectSection(WebsiteProperties) = preProject
		TargetFrameworkMoniker = ".NETFramework,Version%3Dv4.6.1"
		Debug.AspNetCompiler.VirtualPath = "/localhost_53910"
		Debug.AspNetCompiler.PhysicalPath = "D:\Cursus Javascript\Eindopdracht\"
		Debug.AspNetCompiler.TargetPath = "PrecompiledWeb\localhost_53910\"
		Debug.AspNetCompiler.Updateable = "true"
		Debug.AspNetCompiler.ForceOverwrite = "true"
		Debug.AspNetCompiler.FixedNames = "false"
		Debug.AspNetCompiler.Debug = "True"
		Release.AspNetCompiler.VirtualPath = "/localhost_53910"
		Release.AspNetCompiler.PhysicalPath = "D:\Cursus Javascript\Eindopdracht\"
		Release.AspNetCompiler.TargetPath = "PrecompiledWeb\localhost_53910\"
		Release.AspNetCompiler.Updateable = "true"
		Release.AspNetCompiler.ForceOverwrite = "true"
		Release.AspNetCompiler.FixedNames = "false"
		Release.AspNetCompiler.Debug = "False"
		VWDPort = "53910"
		SlnRelativePath = "D:\Cursus Javascript\Eindopdracht\"
		DefaultWebSiteLanguage = "Visual C#"
	EndProjectSection
EndProject
Global
	GlobalSection(SolutionConfigurationPlatforms) = preSolution
		Debug|Any CPU = Debug|Any CPU
	EndGlobalSection
	GlobalSection(ProjectConfigurationPlatforms) = postSolution
		{01E324BB-7DE0-48C6-8BF3-9FD9A5B74F71}.Debug|Any CPU.ActiveCfg = Debug|Any CPU
		{01E324BB-7DE0-48C6-8BF3-9FD9A5B74F71}.Debug|Any CPU.Build.0 = Debug|Any CPU
	EndGlobalSection
	GlobalSection(SolutionProperties) = preSolution
		HideSolutionNode = FALSE
	EndGlobalSection
EndGlobal
